lockfileVersion: '6.0'

settings:
  autoInstallPeers: true
  excludeLinksFromLockfile: false

dependencies:
  hono:
    specifier: ^3.4.1
    version: 3.4.1

packages:

  /hono@3.4.1:
    resolution: {integrity: sha512-fA7/cfgNg060mt12cYykdstwqM/bRvqYmQlPpEjoKIwMs6QF1rPJzZjppCrFuZZJvKE1vEP6kEAaaDH96XRg7Q==}
    engines: {node: '>=16.0.0'}
    dev: false
